
Microsoft Visual Studio Solution File, Format Version 12.00
# Visual Studio 2012
Project("{FAE04EC0-301F-11D3-BF4B-00C04F79EFBC}") = "WorkShopIPN", "WorkShopIPN\WorkShopIPN.csproj", "{4AB3089D-3EF0-450A-9D9B-3E251EEEB0A6}"
EndProject
Project("{FAE04EC0-301F-11D3-BF4B-00C04F79EFBC}") = "WorkShopIPN.iOS", "iOS\WorkShopIPN.iOS.csproj", "{1AE6DD95-11A4-42DC-B5E2-5E35C838E77F}"
EndProject
Project("{FAE04EC0-301F-11D3-BF4B-00C04F79EFBC}") = "WorkShopIPN.Droid", "Droid\WorkShopIPN.Droid.csproj", "{2E1C9DEE-AFAA-43FA-B0B3-F3DCC0E46EAB}"
EndProject
Global
	GlobalSection(SolutionConfigurationPlatforms) = preSolution
		Debug|Any CPU = Debug|Any CPU
		Release|Any CPU = Release|Any CPU
		Debug|iPhoneSimulator = Debug|iPhoneSimulator
		Release|iPhone = Release|iPhone
		Release|iPhoneSimulator = Release|iPhoneSimulator
		Debug|iPhone = Debug|iPhone
	EndGlobalSection
	GlobalSection(ProjectConfigurationPlatforms) = postSolution
		{4AB3089D-3EF0-450A-9D9B-3E251EEEB0A6}.Debug|Any CPU.ActiveCfg = Debug|Any CPU
		{4AB3089D-3EF0-450A-9D9B-3E251EEEB0A6}.Debug|Any CPU.Build.0 = Debug|Any CPU
		{4AB3089D-3EF0-450A-9D9B-3E251EEEB0A6}.Release|Any CPU.ActiveCfg = Release|Any CPU
		{4AB3089D-3EF0-450A-9D9B-3E251EEEB0A6}.Release|Any CPU.Build.0 = Release|Any CPU
		{4AB3089D-3EF0-450A-9D9B-3E251EEEB0A6}.Debug|iPhoneSimulator.ActiveCfg = Debug|Any CPU
		{4AB3089D-3EF0-450A-9D9B-3E251EEEB0A6}.Debug|iPhoneSimulator.Build.0 = Debug|Any CPU
		{4AB3089D-3EF0-450A-9D9B-3E251EEEB0A6}.Release|iPhone.ActiveCfg = Release|Any CPU
		{4AB3089D-3EF0-450A-9D9B-3E251EEEB0A6}.Release|iPhone.Build.0 = Release|Any CPU
		{4AB3089D-3EF0-450A-9D9B-3E251EEEB0A6}.Release|iPhoneSimulator.ActiveCfg = Release|Any CPU
		{4AB3089D-3EF0-450A-9D9B-3E251EEEB0A6}.Release|iPhoneSimulator.Build.0 = Release|Any CPU
		{4AB3089D-3EF0-450A-9D9B-3E251EEEB0A6}.Debug|iPhone.ActiveCfg = Debug|Any CPU
		{4AB3089D-3EF0-450A-9D9B-3E251EEEB0A6}.Debug|iPhone.Build.0 = Debug|Any CPU
		{1AE6DD95-11A4-42DC-B5E2-5E35C838E77F}.Debug|Any CPU.ActiveCfg = Debug|iPhoneSimulator
		{1AE6DD95-11A4-42DC-B5E2-5E35C838E77F}.Debug|Any CPU.Build.0 = Debug|iPhoneSimulator
		{1AE6DD95-11A4-42DC-B5E2-5E35C838E77F}.Release|Any CPU.ActiveCfg = Release|iPhone
		{1AE6DD95-11A4-42DC-B5E2-5E35C838E77F}.Release|Any CPU.Build.0 = Release|iPhone
		{1AE6DD95-11A4-42DC-B5E2-5E35C838E77F}.Debug|iPhoneSimulator.ActiveCfg = Debug|iPhoneSimulator
		{1AE6DD95-11A4-42DC-B5E2-5E35C838E77F}.Debug|iPhoneSimulator.Build.0 = Debug|iPhoneSimulator
		{1AE6DD95-11A4-42DC-B5E2-5E35C838E77F}.Release|iPhone.ActiveCfg = Release|iPhone
		{1AE6DD95-11A4-42DC-B5E2-5E35C838E77F}.Release|iPhone.Build.0 = Release|iPhone
		{1AE6DD95-11A4-42DC-B5E2-5E35C838E77F}.Release|iPhoneSimulator.ActiveCfg = Release|iPhoneSimulator
		{1AE6DD95-11A4-42DC-B5E2-5E35C838E77F}.Release|iPhoneSimulator.Build.0 = Release|iPhoneSimulator
		{1AE6DD95-11A4-42DC-B5E2-5E35C838E77F}.Debug|iPhone.ActiveCfg = Debug|iPhone
		{1AE6DD95-11A4-42DC-B5E2-5E35C838E77F}.Debug|iPhone.Build.0 = Debug|iPhone
		{2E1C9DEE-AFAA-43FA-B0B3-F3DCC0E46EAB}.Debug|Any CPU.ActiveCfg = Debug|Any CPU
		{2E1C9DEE-AFAA-43FA-B0B3-F3DCC0E46EAB}.Debug|Any CPU.Build.0 = Debug|Any CPU
		{2E1C9DEE-AFAA-43FA-B0B3-F3DCC0E46EAB}.Release|Any CPU.ActiveCfg = Release|Any CPU
		{2E1C9DEE-AFAA-43FA-B0B3-F3DCC0E46EAB}.Release|Any CPU.Build.0 = Release|Any CPU
		{2E1C9DEE-AFAA-43FA-B0B3-F3DCC0E46EAB}.Debug|iPhoneSimulator.ActiveCfg = Debug|Any CPU
		{2E1C9DEE-AFAA-43FA-B0B3-F3DCC0E46EAB}.Debug|iPhoneSimulator.Build.0 = Debug|Any CPU
		{2E1C9DEE-AFAA-43FA-B0B3-F3DCC0E46EAB}.Release|iPhone.ActiveCfg = Release|Any CPU
		{2E1C9DEE-AFAA-43FA-B0B3-F3DCC0E46EAB}.Release|iPhone.Build.0 = Release|Any CPU
		{2E1C9DEE-AFAA-43FA-B0B3-F3DCC0E46EAB}.Release|iPhoneSimulator.ActiveCfg = Release|Any CPU
		{2E1C9DEE-AFAA-43FA-B0B3-F3DCC0E46EAB}.Release|iPhoneSimulator.Build.0 = Release|Any CPU
		{2E1C9DEE-AFAA-43FA-B0B3-F3DCC0E46EAB}.Debug|iPhone.ActiveCfg = Debug|Any CPU
		{2E1C9DEE-AFAA-43FA-B0B3-F3DCC0E46EAB}.Debug|iPhone.Build.0 = Debug|Any CPU
	EndGlobalSection
EndGlobal
